// !$*UTF8*$!
{
	archiveVersion = 1;
	classes = {
	};
	objectVersion = 52;
	objects = {

/* Begin PBXBuildFile section */
		6D381A64D683F248012CC05C /* Pods_Flix.framework in Frameworks */ = {isa = PBXBuildFile; fileRef = 3784D84799710864A0E81B61 /* Pods_Flix.framework */; };
		980ADCC726DFCF0F00D04DC9 /* MoviesViewController.swift in Sources */ = {isa = PBXBuildFile; fileRef = 980ADCC626DFCF0F00D04DC9 /* MoviesViewController.swift */; };
		980ADCC926DFD7C800D04DC9 /* MovieCell.swift in Sources */ = {isa = PBXBuildFile; fileRef = 980ADCC826DFD7C800D04DC9 /* MovieCell.swift */; };
		980ADCCC26DFDB8D00D04DC9 /* AlamofireImage in Frameworks */ = {isa = PBXBuildFile; productRef = 980ADCCB26DFDB8D00D04DC9 /* AlamofireImage */; };
		9840544E26DC827D00234B8E /* AppDelegate.swift in Sources */ = {isa = PBXBuildFile; fileRef = 9840544D26DC827D00234B8E /* AppDelegate.swift */; };
		9840545026DC827D00234B8E /* SceneDelegate.swift in Sources */ = {isa = PBXBuildFile; fileRef = 9840544F26DC827D00234B8E /* SceneDelegate.swift */; };
		9840545526DC827D00234B8E /* Main.storyboard in Resources */ = {isa = PBXBuildFile; fileRef = 9840545326DC827D00234B8E /* Main.storyboard */; };
		9840545726DC827E00234B8E /* Assets.xcassets in Resources */ = {isa = PBXBuildFile; fileRef = 9840545626DC827E00234B8E /* Assets.xcassets */; };
		9840545A26DC827E00234B8E /* LaunchScreen.storyboard in Resources */ = {isa = PBXBuildFile; fileRef = 9840545826DC827E00234B8E /* LaunchScreen.storyboard */; };
		9840546526DC827E00234B8E /* FlixTests.swift in Sources */ = {isa = PBXBuildFile; fileRef = 9840546426DC827E00234B8E /* FlixTests.swift */; };
		9840547026DC827E00234B8E /* FlixUITests.swift in Sources */ = {isa = PBXBuildFile; fileRef = 9840546F26DC827E00234B8E /* FlixUITests.swift */; };
		A1F5AE5A6C1B311204832A5D /* Pods_Flix_FlixUITests.framework in Frameworks */ = {isa = PBXBuildFile; fileRef = 99AF8822F76BBEACE4CB6282 /* Pods_Flix_FlixUITests.framework */; };
		BC3CF5ABF51E9AB30B3090A6 /* Pods_FlixTests.framework in Frameworks */ = {isa = PBXBuildFile; fileRef = E03640BFEDFEE0717EA45AC4 /* Pods_FlixTests.framework */; };
/* End PBXBuildFile section */

/* Begin PBXContainerItemProxy section */
		9840546126DC827E00234B8E /* PBXContainerItemProxy */ = {
			isa = PBXContainerItemProxy;
			containerPortal = 9840544226DC827D00234B8E /* Project object */;
			proxyType = 1;
			remoteGlobalIDString = 9840544926DC827D00234B8E;
			remoteInfo = Flix;
		};
		9840546C26DC827E00234B8E /* PBXContainerItemProxy */ = {
			isa = PBXContainerItemProxy;
			containerPortal = 9840544226DC827D00234B8E /* Project object */;
			proxyType = 1;
			remoteGlobalIDString = 9840544926DC827D00234B8E;
			remoteInfo = Flix;
		};
/* End PBXContainerItemProxy section */

/* Begin PBXFileReference section */
		3784D84799710864A0E81B61 /* Pods_Flix.framework */ = {isa = PBXFileReference; explicitFileType = wrapper.framework; includeInIndex = 0; path = Pods_Flix.framework; sourceTree = BUILT_PRODUCTS_DIR; };
		4759063C36C4CFC7B44E2FF9 /* Pods-Flix-FlixUITests.debug.xcconfig */ = {isa = PBXFileReference; includeInIndex = 1; lastKnownFileType = text.xcconfig; name = "Pods-Flix-FlixUITests.debug.xcconfig"; path = "Target Support Files/Pods-Flix-FlixUITests/Pods-Flix-FlixUITests.debug.xcconfig"; sourceTree = "<group>"; };
		51840B2202CBE81726094FEB /* Pods-FlixTests.release.xcconfig */ = {isa = PBXFileReference; includeInIndex = 1; lastKnownFileType = text.xcconfig; name = "Pods-FlixTests.release.xcconfig"; path = "Target Support Files/Pods-FlixTests/Pods-FlixTests.release.xcconfig"; sourceTree = "<group>"; };
		8F47798C229C69C88B6B2A52 /* Pods-Flix.release.xcconfig */ = {isa = PBXFileReference; includeInIndex = 1; lastKnownFileType = text.xcconfig; name = "Pods-Flix.release.xcconfig"; path = "Target Support Files/Pods-Flix/Pods-Flix.release.xcconfig"; sourceTree = "<group>"; };
		91278301AAD784ECF784F548 /* Pods-Flix.debug.xcconfig */ = {isa = PBXFileReference; includeInIndex = 1; lastKnownFileType = text.xcconfig; name = "Pods-Flix.debug.xcconfig"; path = "Target Support Files/Pods-Flix/Pods-Flix.debug.xcconfig"; sourceTree = "<group>"; };
		980ADCC626DFCF0F00D04DC9 /* MoviesViewController.swift */ = {isa = PBXFileReference; lastKnownFileType = sourcecode.swift; path = MoviesViewController.swift; sourceTree = "<group>"; };
		980ADCC826DFD7C800D04DC9 /* MovieCell.swift */ = {isa = PBXFileReference; lastKnownFileType = sourcecode.swift; path = MovieCell.swift; sourceTree = "<group>"; };
		9840544A26DC827D00234B8E /* Flix.app */ = {isa = PBXFileReference; explicitFileType = wrapper.application; includeInIndex = 0; path = Flix.app; sourceTree = BUILT_PRODUCTS_DIR; };
		9840544D26DC827D00234B8E /* AppDelegate.swift */ = {isa = PBXFileReference; lastKnownFileType = sourcecode.swift; path = AppDelegate.swift; sourceTree = "<group>"; };
		9840544F26DC827D00234B8E /* SceneDelegate.swift */ = {isa = PBXFileReference; lastKnownFileType = sourcecode.swift; path = SceneDelegate.swift; sourceTree = "<group>"; };
		9840545426DC827D00234B8E /* Base */ = {isa = PBXFileReference; lastKnownFileType = file.storyboard; name = Base; path = Base.lproj/Main.storyboard; sourceTree = "<group>"; };
		9840545626DC827E00234B8E /* Assets.xcassets */ = {isa = PBXFileReference; lastKnownFileType = folder.assetcatalog; path = Assets.xcassets; sourceTree = "<group>"; };
		9840545926DC827E00234B8E /* Base */ = {isa = PBXFileReference; lastKnownFileType = file.storyboard; name = Base; path = Base.lproj/LaunchScreen.storyboard; sourceTree = "<group>"; };
		9840545B26DC827E00234B8E /* Info.plist */ = {isa = PBXFileReference; lastKnownFileType = text.plist.xml; path = Info.plist; sourceTree = "<group>"; };
		9840546026DC827E00234B8E /* FlixTests.xctest */ = {isa = PBXFileReference; explicitFileType = wrapper.cfbundle; includeInIndex = 0; path = FlixTests.xctest; sourceTree = BUILT_PRODUCTS_DIR; };
		9840546426DC827E00234B8E /* FlixTests.swift */ = {isa = PBXFileReference; lastKnownFileType = sourcecode.swift; path = FlixTests.swift; sourceTree = "<group>"; };
		9840546626DC827E00234B8E /* Info.plist */ = {isa = PBXFileReference; lastKnownFileType = text.plist.xml; path = Info.plist; sourceTree = "<group>"; };
		9840546B26DC827E00234B8E /* FlixUITests.xctest */ = {isa = PBXFileReference; explicitFileType = wrapper.cfbundle; includeInIndex = 0; path = FlixUITests.xctest; sourceTree = BUILT_PRODUCTS_DIR; };
		9840546F26DC827E00234B8E /* FlixUITests.swift */ = {isa = PBXFileReference; lastKnownFileType = sourcecode.swift; path = FlixUITests.swift; sourceTree = "<group>"; };
		9840547126DC827E00234B8E /* Info.plist */ = {isa = PBXFileReference; lastKnownFileType = text.plist.xml; path = Info.plist; sourceTree = "<group>"; };
		99AF8822F76BBEACE4CB6282 /* Pods_Flix_FlixUITests.framework */ = {isa = PBXFileReference; explicitFileType = wrapper.framework; includeInIndex = 0; path = Pods_Flix_FlixUITests.framework; sourceTree = BUILT_PRODUCTS_DIR; };
		DE0135D52C79F5A03C99DA7D /* Pods-FlixTests.debug.xcconfig */ = {isa = PBXFileReference; includeInIndex = 1; lastKnownFileType = text.xcconfig; name = "Pods-FlixTests.debug.xcconfig"; path = "Target Support Files/Pods-FlixTests/Pods-FlixTests.debug.xcconfig"; sourceTree = "<group>"; };
		E03640BFEDFEE0717EA45AC4 /* Pods_FlixTests.framework */ = {isa = PBXFileReference; explicitFileType = wrapper.framework; includeInIndex = 0; path = Pods_FlixTests.framework; sourceTree = BUILT_PRODUCTS_DIR; };
		F84755DFF3F2F49139415FE8 /* Pods-Flix-FlixUITests.release.xcconfig */ = {isa = PBXFileReference; includeInIndex = 1; lastKnownFileType = text.xcconfig; name = "Pods-Flix-FlixUITests.release.xcconfig"; path = "Target Support Files/Pods-Flix-FlixUITests/Pods-Flix-FlixUITests.release.xcconfig"; sourceTree = "<group>"; };
/* End PBXFileReference section */

/* Begin PBXFrameworksBuildPhase section */
		9840544726DC827D00234B8E /* Frameworks */ = {
			isa = PBXFrameworksBuildPhase;
			buildActionMask = 2147483647;
			files = (
				980ADCCC26DFDB8D00D04DC9 /* AlamofireImage in Frameworks */,
				6D381A64D683F248012CC05C /* Pods_Flix.framework in Frameworks */,
			);
			runOnlyForDeploymentPostprocessing = 0;
		};
		9840545D26DC827E00234B8E /* Frameworks */ = {
			isa = PBXFrameworksBuildPhase;
			buildActionMask = 2147483647;
			files = (
				BC3CF5ABF51E9AB30B3090A6 /* Pods_FlixTests.framework in Frameworks */,
			);
			runOnlyForDeploymentPostprocessing = 0;
		};
		9840546826DC827E00234B8E /* Frameworks */ = {
			isa = PBXFrameworksBuildPhase;
			buildActionMask = 2147483647;
			files = (
				A1F5AE5A6C1B311204832A5D /* Pods_Flix_FlixUITests.framework in Frameworks */,
			);
			runOnlyForDeploymentPostprocessing = 0;
		};
/* End PBXFrameworksBuildPhase section */

/* Begin PBXGroup section */
		1F08F3366531CD51F28FD8B0 /* Frameworks */ = {
			isa = PBXGroup;
			children = (
				3784D84799710864A0E81B61 /* Pods_Flix.framework */,
				99AF8822F76BBEACE4CB6282 /* Pods_Flix_FlixUITests.framework */,
				E03640BFEDFEE0717EA45AC4 /* Pods_FlixTests.framework */,
			);
			name = Frameworks;
			sourceTree = "<group>";
		};
		2E834EFFAEB77915E3A0E20F /* Pods */ = {
			isa = PBXGroup;
			children = (
				91278301AAD784ECF784F548 /* Pods-Flix.debug.xcconfig */,
				8F47798C229C69C88B6B2A52 /* Pods-Flix.release.xcconfig */,
				4759063C36C4CFC7B44E2FF9 /* Pods-Flix-FlixUITests.debug.xcconfig */,
				F84755DFF3F2F49139415FE8 /* Pods-Flix-FlixUITests.release.xcconfig */,
				DE0135D52C79F5A03C99DA7D /* Pods-FlixTests.debug.xcconfig */,
				51840B2202CBE81726094FEB /* Pods-FlixTests.release.xcconfig */,
			);
			name = Pods;
			path = Pods;
			sourceTree = "<group>";
		};
		9840544126DC827D00234B8E = {
			isa = PBXGroup;
			children = (
				9840544C26DC827D00234B8E /* Flix */,
				9840546326DC827E00234B8E /* FlixTests */,
				9840546E26DC827E00234B8E /* FlixUITests */,
				9840544B26DC827D00234B8E /* Products */,
				2E834EFFAEB77915E3A0E20F /* Pods */,
				1F08F3366531CD51F28FD8B0 /* Frameworks */,
			);
			sourceTree = "<group>";
		};
		9840544B26DC827D00234B8E /* Products */ = {
			isa = PBXGroup;
			children = (
				9840544A26DC827D00234B8E /* Flix.app */,
				9840546026DC827E00234B8E /* FlixTests.xctest */,
				9840546B26DC827E00234B8E /* FlixUITests.xctest */,
			);
			name = Products;
			sourceTree = "<group>";
		};
		9840544C26DC827D00234B8E /* Flix */ = {
			isa = PBXGroup;
			children = (
				9840544D26DC827D00234B8E /* AppDelegate.swift */,
				9840544F26DC827D00234B8E /* SceneDelegate.swift */,
				9840545326DC827D00234B8E /* Main.storyboard */,
				9840545626DC827E00234B8E /* Assets.xcassets */,
				9840545826DC827E00234B8E /* LaunchScreen.storyboard */,
				9840545B26DC827E00234B8E /* Info.plist */,
				980ADCC626DFCF0F00D04DC9 /* MoviesViewController.swift */,
				980ADCC826DFD7C800D04DC9 /* MovieCell.swift */,
			);
			path = Flix;
			sourceTree = "<group>";
		};
		9840546326DC827E00234B8E /* FlixTests */ = {
			isa = PBXGroup;
			children = (
				9840546426DC827E00234B8E /* FlixTests.swift */,
				9840546626DC827E00234B8E /* Info.plist */,
			);
			path = FlixTests;
			sourceTree = "<group>";
		};
		9840546E26DC827E00234B8E /* FlixUITests */ = {
			isa = PBXGroup;
			children = (
				9840546F26DC827E00234B8E /* FlixUITests.swift */,
				9840547126DC827E00234B8E /* Info.plist */,
			);
			path = FlixUITests;
			sourceTree = "<group>";
		};
/* End PBXGroup section */

/* Begin PBXNativeTarget section */
		9840544926DC827D00234B8E /* Flix */ = {
			isa = PBXNativeTarget;
			buildConfigurationList = 9840547426DC827E00234B8E /* Build configuration list for PBXNativeTarget "Flix" */;
			buildPhases = (
				8D1235AAC08E467D9EFBBEF0 /* [CP] Check Pods Manifest.lock */,
				9840544626DC827D00234B8E /* Sources */,
				9840544726DC827D00234B8E /* Frameworks */,
				9840544826DC827D00234B8E /* Resources */,
				BEDE99CD82FA56BA303E4144 /* [CP] Embed Pods Frameworks */,
			);
			buildRules = (
			);
			dependencies = (
			);
			name = Flix;
			packageProductDependencies = (
				980ADCCB26DFDB8D00D04DC9 /* AlamofireImage */,
			);
			productName = Flix;
			productReference = 9840544A26DC827D00234B8E /* Flix.app */;
			productType = "com.apple.product-type.application";
		};
		9840545F26DC827E00234B8E /* FlixTests */ = {
			isa = PBXNativeTarget;
			buildConfigurationList = 9840547726DC827E00234B8E /* Build configuration list for PBXNativeTarget "FlixTests" */;
			buildPhases = (
				79FC8F6BA2D8C4AA8F34EA74 /* [CP] Check Pods Manifest.lock */,
				9840545C26DC827E00234B8E /* Sources */,
				9840545D26DC827E00234B8E /* Frameworks */,
				9840545E26DC827E00234B8E /* Resources */,
			);
			buildRules = (
			);
			dependencies = (
				9840546226DC827E00234B8E /* PBXTargetDependency */,
			);
			name = FlixTests;
			productName = FlixTests;
			productReference = 9840546026DC827E00234B8E /* FlixTests.xctest */;
			productType = "com.apple.product-type.bundle.unit-test";
		};
		9840546A26DC827E00234B8E /* FlixUITests */ = {
			isa = PBXNativeTarget;
			buildConfigurationList = 9840547A26DC827E00234B8E /* Build configuration list for PBXNativeTarget "FlixUITests" */;
			buildPhases = (
				6E4E3D17D29F61097D4565C8 /* [CP] Check Pods Manifest.lock */,
				9840546726DC827E00234B8E /* Sources */,
				9840546826DC827E00234B8E /* Frameworks */,
				9840546926DC827E00234B8E /* Resources */,
				BA2D53DE2711A4725D7CB59F /* [CP] Embed Pods Frameworks */,
			);
			buildRules = (
			);
			dependencies = (
				9840546D26DC827E00234B8E /* PBXTargetDependency */,
			);
			name = FlixUITests;
			productName = FlixUITests;
			productReference = 9840546B26DC827E00234B8E /* FlixUITests.xctest */;
			productType = "com.apple.product-type.bundle.ui-testing";
		};
/* End PBXNativeTarget section */

/* Begin PBXProject section */
		9840544226DC827D00234B8E /* Project object */ = {
			isa = PBXProject;
			attributes = {
				LastSwiftUpdateCheck = 1250;
				LastUpgradeCheck = 1250;
				TargetAttributes = {
					9840544926DC827D00234B8E = {
						CreatedOnToolsVersion = 12.5.1;
					};
					9840545F26DC827E00234B8E = {
						CreatedOnToolsVersion = 12.5.1;
						TestTargetID = 9840544926DC827D00234B8E;
					};
					9840546A26DC827E00234B8E = {
						CreatedOnToolsVersion = 12.5.1;
						TestTargetID = 9840544926DC827D00234B8E;
					};
				};
			};
			buildConfigurationList = 9840544526DC827D00234B8E /* Build configuration list for PBXProject "Flix" */;
			compatibilityVersion = "Xcode 9.3";
			developmentRegion = en;
			hasScannedForEncodings = 0;
			knownRegions = (
				en,
				Base,
			);
			mainGroup = 9840544126DC827D00234B8E;
			packageReferences = (
				980ADCCA26DFDB8D00D04DC9 /* XCRemoteSwiftPackageReference "AlamofireImage" */,
			);
			productRefGroup = 9840544B26DC827D00234B8E /* Products */;
			projectDirPath = "";
			projectRoot = "";
			targets = (
				9840544926DC827D00234B8E /* Flix */,
				9840545F26DC827E00234B8E /* FlixTests */,
				9840546A26DC827E00234B8E /* FlixUITests */,
			);
		};
/* End PBXProject section */

/* Begin PBXResourcesBuildPhase section */
		9840544826DC827D00234B8E /* Resources */ = {
			isa = PBXResourcesBuildPhase;
			buildActionMask = 2147483647;
			files = (
				9840545A26DC827E00234B8E /* LaunchScreen.storyboard in Resources */,
				9840545726DC827E00234B8E /* Assets.xcassets in Resources */,
				9840545526DC827D00234B8E /* Main.storyboard in Resources */,
			);
			runOnlyForDeploymentPostprocessing = 0;
		};
		9840545E26DC827E00234B8E /* Resources */ = {
			isa = PBXResourcesBuildPhase;
			buildActionMask = 2147483647;
			files = (
			);
			runOnlyForDeploymentPostprocessing = 0;
		};
		9840546926DC827E00234B8E /* Resources */ = {
			isa = PBXResourcesBuildPhase;
			buildActionMask = 2147483647;
			files = (
			);
			runOnlyForDeploymentPostprocessing = 0;
		};
/* End PBXResourcesBuildPhase section */

/* Begin PBXShellScriptBuildPhase section */
		6E4E3D17D29F61097D4565C8 /* [CP] Check Pods Manifest.lock */ = {
			isa = PBXShellScriptBuildPhase;
			buildActionMask = 2147483647;
			files = (
			);
			inputFileListPaths = (
			);
			inputPaths = (
				"${PODS_PODFILE_DIR_PATH}/Podfile.lock",
				"${PODS_ROOT}/Manifest.lock",
			);
			name = "[CP] Check Pods Manifest.lock";
			outputFileListPaths = (
			);
			outputPaths = (
				"$(DERIVED_FILE_DIR)/Pods-Flix-FlixUITests-checkManifestLockResult.txt",
			);
			runOnlyForDeploymentPostprocessing = 0;
			shellPath = /bin/sh;
			shellScript = "diff \"${PODS_PODFILE_DIR_PATH}/Podfile.lock\" \"${PODS_ROOT}/Manifest.lock\" > /dev/null\nif [ $? != 0 ] ; then\n    # print error to STDERR\n    echo \"error: The sandbox is not in sync with the Podfile.lock. Run 'pod install' or update your CocoaPods installation.\" >&2\n    exit 1\nfi\n# This output is used by Xcode 'outputs' to avoid re-running this script phase.\necho \"SUCCESS\" > \"${SCRIPT_OUTPUT_FILE_0}\"\n";
			showEnvVarsInLog = 0;
		};
		79FC8F6BA2D8C4AA8F34EA74 /* [CP] Check Pods Manifest.lock */ = {
			isa = PBXShellScriptBuildPhase;
			buildActionMask = 2147483647;
			files = (
			);
			inputFileListPaths = (
			);
			inputPaths = (
				"${PODS_PODFILE_DIR_PATH}/Podfile.lock",
				"${PODS_ROOT}/Manifest.lock",
			);
			name = "[CP] Check Pods Manifest.lock";
			outputFileListPaths = (
			);
			outputPaths = (
				"$(DERIVED_FILE_DIR)/Pods-FlixTests-checkManifestLockResult.txt",
			);
			runOnlyForDeploymentPostprocessing = 0;
			shellPath = /bin/sh;
			shellScript = "diff \"${PODS_PODFILE_DIR_PATH}/Podfile.lock\" \"${PODS_ROOT}/Manifest.lock\" > /dev/null\nif [ $? != 0 ] ; then\n    # print error to STDERR\n    echo \"error: The sandbox is not in sync with the Podfile.lock. Run 'pod install' or update your CocoaPods installation.\" >&2\n    exit 1\nfi\n# This output is used by Xcode 'outputs' to avoid re-running this script phase.\necho \"SUCCESS\" > \"${SCRIPT_OUTPUT_FILE_0}\"\n";
			showEnvVarsInLog = 0;
		};
		8D1235AAC08E467D9EFBBEF0 /* [CP] Check Pods Manifest.lock */ = {
			isa = PBXShellScriptBuildPhase;
			buildActionMask = 2147483647;
			files = (
			);
			inputFileListPaths = (
			);
			inputPaths = (
				"${PODS_PODFILE_DIR_PATH}/Podfile.lock",
				"${PODS_ROOT}/Manifest.lock",
			);
			name = "[CP] Check Pods Manifest.lock";
			outputFileListPaths = (
			);
			outputPaths = (
				"$(DERIVED_FILE_DIR)/Pods-Flix-checkManifestLockResult.txt",
			);
			runOnlyForDeploymentPostprocessing = 0;
			shellPath = /bin/sh;
			shellScript = "diff \"${PODS_PODFILE_DIR_PATH}/Podfile.lock\" \"${PODS_ROOT}/Manifest.lock\" > /dev/null\nif [ $? != 0 ] ; then\n    # print error to STDERR\n    echo \"error: The sandbox is not in sync with the Podfile.lock. Run 'pod install' or update your CocoaPods installation.\" >&2\n    exit 1\nfi\n# This output is used by Xcode 'outputs' to avoid re-running this script phase.\necho \"SUCCESS\" > \"${SCRIPT_OUTPUT_FILE_0}\"\n";
			showEnvVarsInLog = 0;
		};
		BA2D53DE2711A4725D7CB59F /* [CP] Embed Pods Frameworks */ = {
			isa = PBXShellScriptBuildPhase;
			buildActionMask = 2147483647;
			files = (
			);
			inputFileListPaths = (
				"${PODS_ROOT}/Target Support Files/Pods-Flix-FlixUITests/Pods-Flix-FlixUITests-frameworks-${CONFIGURATION}-input-files.xcfilelist",
			);
			name = "[CP] Embed Pods Frameworks";
			outputFileListPaths = (
				"${PODS_ROOT}/Target Support Files/Pods-Flix-FlixUITests/Pods-Flix-FlixUITests-frameworks-${CONFIGURATION}-output-files.xcfilelist",
			);
			runOnlyForDeploymentPostprocessing = 0;
			shellPath = /bin/sh;
			shellScript = "\"${PODS_ROOT}/Target Support Files/Pods-Flix-FlixUITests/Pods-Flix-FlixUITests-frameworks.sh\"\n";
			showEnvVarsInLog = 0;
		};
		BEDE99CD82FA56BA303E4144 /* [CP] Embed Pods Frameworks */ = {
			isa = PBXShellScriptBuildPhase;
			buildActionMask = 2147483647;
			files = (
			);
			inputFileListPaths = (
				"${PODS_ROOT}/Target Support Files/Pods-Flix/Pods-Flix-frameworks-${CONFIGURATION}-input-files.xcfilelist",
			);
			name = "[CP] Embed Pods Frameworks";
			outputFileListPaths = (
				"${PODS_ROOT}/Target Support Files/Pods-Flix/Pods-Flix-frameworks-${CONFIGURATION}-output-files.xcfilelist",
			);
			runOnlyForDeploymentPostprocessing = 0;
			shellPath = /bin/sh;
			shellScript = "\"${PODS_ROOT}/Target Support Files/Pods-Flix/Pods-Flix-frameworks.sh\"\n";
			showEnvVarsInLog = 0;
		};
/* End PBXShellScriptBuildPhase section */

/* Begin PBXSourcesBuildPhase section */
		9840544626DC827D00234B8E /* Sources */ = {
			isa = PBXSourcesBuildPhase;
			buildActionMask = 2147483647;
			files = (
				9840544E26DC827D00234B8E /* AppDelegate.swift in Sources */,
				9840545026DC827D00234B8E /* SceneDelegate.swift in Sources */,
				980ADCC926DFD7C800D04DC9 /* MovieCell.swift in Sources */,
				980ADCC726DFCF0F00D04DC9 /* MoviesViewController.swift in Sources */,
			);
			runOnlyForDeploymentPostprocessing = 0;
		};
		9840545C26DC827E00234B8E /* Sources */ = {
			isa = PBXSourcesBuildPhase;
			buildActionMask = 2147483647;
			files = (
				9840546526DC827E00234B8E /* FlixTests.swift in Sources */,
			);
			runOnlyForDeploymentPostprocessing = 0;
		};
		9840546726DC827E00234B8E /* Sources */ = {
			isa = PBXSourcesBuildPhase;
			buildActionMask = 2147483647;
			files = (
				9840547026DC827E00234B8E /* FlixUITests.swift in Sources */,
			);
			runOnlyForDeploymentPostprocessing = 0;
		};
/* End PBXSourcesBuildPhase section */

/* Begin PBXTargetDependency section */
		9840546226DC827E00234B8E /* PBXTargetDependency */ = {
			isa = PBXTargetDependency;
			target = 9840544926DC827D00234B8E /* Flix */;
			targetProxy = 9840546126DC827E00234B8E /* PBXContainerItemProxy */;
		};
		9840546D26DC827E00234B8E /* PBXTargetDependency */ = {
			isa = PBXTargetDependency;
			target = 9840544926DC827D00234B8E /* Flix */;
			targetProxy = 9840546C26DC827E00234B8E /* PBXContainerItemProxy */;
		};
/* End PBXTargetDependency section */

/* Begin PBXVariantGroup section */
		9840545326DC827D00234B8E /* Main.storyboard */ = {
			isa = PBXVariantGroup;
			children = (
				9840545426DC827D00234B8E /* Base */,
			);
			name = Main.storyboard;
			sourceTree = "<group>";
		};
		9840545826DC827E00234B8E /* LaunchScreen.storyboard */ = {
			isa = PBXVariantGroup;
			children = (
				9840545926DC827E00234B8E /* Base */,
			);
			name = LaunchScreen.storyboard;
			sourceTree = "<group>";
		};
/* End PBXVariantGroup section */

/* Begin XCBuildConfiguration section */
		9840547226DC827E00234B8E /* Debug */ = {
			isa = XCBuildConfiguration;
			buildSettings = {
				ALWAYS_SEARCH_USER_PATHS = NO;
				CLANG_ANALYZER_NONNULL = YES;
				CLANG_ANALYZER_NUMBER_OBJECT_CONVERSION = YES_AGGRESSIVE;
				CLANG_CXX_LANGUAGE_STANDARD = "gnu++14";
				CLANG_CXX_LIBRARY = "libc++";
				CLANG_ENABLE_MODULES = YES;
				CLANG_ENABLE_OBJC_ARC = YES;
				CLANG_ENABLE_OBJC_WEAK = YES;
				CLANG_WARN_BLOCK_CAPTURE_AUTORELEASING = YES;
				CLANG_WARN_BOOL_CONVERSION = YES;
				CLANG_WARN_COMMA = YES;
				CLANG_WARN_CONSTANT_CONVERSION = YES;
				CLANG_WARN_DEPRECATED_OBJC_IMPLEMENTATIONS = YES;
				CLANG_WARN_DIRECT_OBJC_ISA_USAGE = YES_ERROR;
				CLANG_WARN_DOCUMENTATION_COMMENTS = YES;
				CLANG_WARN_EMPTY_BODY = YES;
				CLANG_WARN_ENUM_CONVERSION = YES;
				CLANG_WARN_INFINITE_RECURSION = YES;
				CLANG_WARN_INT_CONVERSION = YES;
				CLANG_WARN_NON_LITERAL_NULL_CONVERSION = YES;
				CLANG_WARN_OBJC_IMPLICIT_RETAIN_SELF = YES;
				CLANG_WARN_OBJC_LITERAL_CONVERSION = YES;
				CLANG_WARN_OBJC_ROOT_CLASS = YES_ERROR;
				CLANG_WARN_QUOTED_INCLUDE_IN_FRAMEWORK_HEADER = YES;
				CLANG_WARN_RANGE_LOOP_ANALYSIS = YES;
				CLANG_WARN_STRICT_PROTOTYPES = YES;
				CLANG_WARN_SUSPICIOUS_MOVE = YES;
				CLANG_WARN_UNGUARDED_AVAILABILITY = YES_AGGRESSIVE;
				CLANG_WARN_UNREACHABLE_CODE = YES;
				CLANG_WARN__DUPLICATE_METHOD_MATCH = YES;
				COPY_PHASE_STRIP = NO;
				DEBUG_INFORMATION_FORMAT = dwarf;
				ENABLE_STRICT_OBJC_MSGSEND = YES;
				ENABLE_TESTABILITY = YES;
				GCC_C_LANGUAGE_STANDARD = gnu11;
				GCC_DYNAMIC_NO_PIC = NO;
				GCC_NO_COMMON_BLOCKS = YES;
				GCC_OPTIMIZATION_LEVEL = 0;
				GCC_PREPROCESSOR_DEFINITIONS = (
					"DEBUG=1",
					"$(inherited)",
				);
				GCC_WARN_64_TO_32_BIT_CONVERSION = YES;
				GCC_WARN_ABOUT_RETURN_TYPE = YES_ERROR;
				GCC_WARN_UNDECLARED_SELECTOR = YES;
				GCC_WARN_UNINITIALIZED_AUTOS = YES_AGGRESSIVE;
				GCC_WARN_UNUSED_FUNCTION = YES;
				GCC_WARN_UNUSED_VARIABLE = YES;
				IPHONEOS_DEPLOYMENT_TARGET = 14.5;
				MTL_ENABLE_DEBUG_INFO = INCLUDE_SOURCE;
				MTL_FAST_MATH = YES;
				ONLY_ACTIVE_ARCH = YES;
				SDKROOT = iphoneos;
				SWIFT_ACTIVE_COMPILATION_CONDITIONS = DEBUG;
				SWIFT_OPTIMIZATION_LEVEL = "-Onone";
			};
			name = Debug;
		};
		9840547326DC827E00234B8E /* Release */ = {
			isa = XCBuildConfiguration;
			buildSettings = {
				ALWAYS_SEARCH_USER_PATHS = NO;
				CLANG_ANALYZER_NONNULL = YES;
				CLANG_ANALYZER_NUMBER_OBJECT_CONVERSION = YES_AGGRESSIVE;
				CLANG_CXX_LANGUAGE_STANDARD = "gnu++14";
				CLANG_CXX_LIBRARY = "libc++";
				CLANG_ENABLE_MODULES = YES;
				CLANG_ENABLE_OBJC_ARC = YES;
				CLANG_ENABLE_OBJC_WEAK = YES;
				CLANG_WARN_BLOCK_CAPTURE_AUTORELEASING = YES;
				CLANG_WARN_BOOL_CONVERSION = YES;
				CLANG_WARN_COMMA = YES;
				CLANG_WARN_CONSTANT_CONVERSION = YES;
				CLANG_WARN_DEPRECATED_OBJC_IMPLEMENTATIONS = YES;
				CLANG_WARN_DIRECT_OBJC_ISA_USAGE = YES_ERROR;
				CLANG_WARN_DOCUMENTATION_COMMENTS = YES;
				CLANG_WARN_EMPTY_BODY = YES;
				CLANG_WARN_ENUM_CONVERSION = YES;
				CLANG_WARN_INFINITE_RECURSION = YES;
				CLANG_WARN_INT_CONVERSION = YES;
				CLANG_WARN_NON_LITERAL_NULL_CONVERSION = YES;
				CLANG_WARN_OBJC_IMPLICIT_RETAIN_SELF = YES;
				CLANG_WARN_OBJC_LITERAL_CONVERSION = YES;
				CLANG_WARN_OBJC_ROOT_CLASS = YES_ERROR;
				CLANG_WARN_QUOTED_INCLUDE_IN_FRAMEWORK_HEADER = YES;
				CLANG_WARN_RANGE_LOOP_ANALYSIS = YES;
				CLANG_WARN_STRICT_PROTOTYPES = YES;
				CLANG_WARN_SUSPICIOUS_MOVE = YES;
				CLANG_WARN_UNGUARDED_AVAILABILITY = YES_AGGRESSIVE;
				CLANG_WARN_UNREACHABLE_CODE = YES;
				CLANG_WARN__DUPLICATE_METHOD_MATCH = YES;
				COPY_PHASE_STRIP = NO;
				DEBUG_INFORMATION_FORMAT = "dwarf-with-dsym";
				ENABLE_NS_ASSERTIONS = NO;
				ENABLE_STRICT_OBJC_MSGSEND = YES;
				GCC_C_LANGUAGE_STANDARD = gnu11;
				GCC_NO_COMMON_BLOCKS = YES;
				GCC_WARN_64_TO_32_BIT_CONVERSION = YES;
				GCC_WARN_ABOUT_RETURN_TYPE = YES_ERROR;
				GCC_WARN_UNDECLARED_SELECTOR = YES;
				GCC_WARN_UNINITIALIZED_AUTOS = YES_AGGRESSIVE;
				GCC_WARN_UNUSED_FUNCTION = YES;
				GCC_WARN_UNUSED_VARIABLE = YES;
				IPHONEOS_DEPLOYMENT_TARGET = 14.5;
				MTL_ENABLE_DEBUG_INFO = NO;
				MTL_FAST_MATH = YES;
				SDKROOT = iphoneos;
				SWIFT_COMPILATION_MODE = wholemodule;
				SWIFT_OPTIMIZATION_LEVEL = "-O";
				VALIDATE_PRODUCT = YES;
			};
			name = Release;
		};
		9840547526DC827E00234B8E /* Debug */ = {
			isa = XCBuildConfiguration;
			baseConfigurationReference = 91278301AAD784ECF784F548 /* Pods-Flix.debug.xcconfig */;
			buildSettings = {
				ASSETCATALOG_COMPILER_APPICON_NAME = AppIcon;
				ASSETCATALOG_COMPILER_GLOBAL_ACCENT_COLOR_NAME = AccentColor;
				CODE_SIGN_STYLE = Automatic;
				INFOPLIST_FILE = Flix/Info.plist;
				LD_RUNPATH_SEARCH_PATHS = (
					"$(inherited)",
					"@executable_path/Frameworks",
				);
				PRODUCT_BUNDLE_IDENTIFIER = com.asanti2539.Flix;
				PRODUCT_NAME = "$(TARGET_NAME)";
				SWIFT_VERSION = 5.0;
				TARGETED_DEVICE_FAMILY = "1,2";
			};
			name = Debug;
		};
		9840547626DC827E00234B8E /* Release */ = {
			isa = XCBuildConfiguration;
			baseConfigurationReference = 8F47798C229C69C88B6B2A52 /* Pods-Flix.release.xcconfig */;
			buildSettings = {
				ASSETCATALOG_COMPILER_APPICON_NAME = AppIcon;
				ASSETCATALOG_COMPILER_GLOBAL_ACCENT_COLOR_NAME = AccentColor;
				CODE_SIGN_STYLE = Automatic;
				INFOPLIST_FILE = Flix/Info.plist;
				LD_RUNPATH_SEARCH_PATHS = (
					"$(inherited)",
					"@executable_path/Frameworks",
				);
				PRODUCT_BUNDLE_IDENTIFIER = com.asanti2539.Flix;
				PRODUCT_NAME = "$(TARGET_NAME)";
				SWIFT_VERSION = 5.0;
				TARGETED_DEVICE_FAMILY = "1,2";
			};
			name = Release;
		};
		9840547826DC827E00234B8E /* Debug */ = {
			isa = XCBuildConfiguration;
			baseConfigurationReference = DE0135D52C79F5A03C99DA7D /* Pods-FlixTests.debug.xcconfig */;
			buildSettings = {
				ALWAYS_EMBED_SWIFT_STANDARD_LIBRARIES = YES;
				BUNDLE_LOADER = "$(TEST_HOST)";
				CODE_SIGN_STYLE = Automatic;
				INFOPLIST_FILE = FlixTests/Info.plist;
				IPHONEOS_DEPLOYMENT_TARGET = 14.5;
				LD_RUNPATH_SEARCH_PATHS = (
					"$(inherited)",
					"@executable_path/Frameworks",
					"@loader_path/Frameworks",
				);
				PRODUCT_BUNDLE_IDENTIFIER = com.asanti2539.FlixTests;
				PRODUCT_NAME = "$(TARGET_NAME)";
				SWIFT_VERSION = 5.0;
				TARGETED_DEVICE_FAMILY = "1,2";
				TEST_HOST = "$(BUILT_PRODUCTS_DIR)/Flix.app/Flix";
			};
			name = Debug;
		};
		9840547926DC827E00234B8E /* Release */ = {
			isa = XCBuildConfiguration;
			baseConfigurationReference = 51840B2202CBE81726094FEB /* Pods-FlixTests.release.xcconfig */;
			buildSettings = {
				ALWAYS_EMBED_SWIFT_STANDARD_LIBRARIES = YES;
				BUNDLE_LOADER = "$(TEST_HOST)";
				CODE_SIGN_STYLE = Automatic;
				INFOPLIST_FILE = FlixTests/Info.plist;
				IPHONEOS_DEPLOYMENT_TARGET = 14.5;
				LD_RUNPATH_SEARCH_PATHS = (
					"$(inherited)",
					"@executable_path/Frameworks",
					"@loader_path/Frameworks",
				);
				PRODUCT_BUNDLE_IDENTIFIER = com.asanti2539.FlixTests;
				PRODUCT_NAME = "$(TARGET_NAME)";
				SWIFT_VERSION = 5.0;
				TARGETED_DEVICE_FAMILY = "1,2";
				TEST_HOST = "$(BUILT_PRODUCTS_DIR)/Flix.app/Flix";
			};
			name = Release;
		};
		9840547B26DC827E00234B8E /* Debug */ = {
			isa = XCBuildConfiguration;
			baseConfigurationReference = 4759063C36C4CFC7B44E2FF9 /* Pods-Flix-FlixUITests.debug.xcconfig */;
			buildSettings = {
				ALWAYS_EMBED_SWIFT_STANDARD_LIBRARIES = YES;
				CODE_SIGN_STYLE = Automatic;
				INFOPLIST_FILE = FlixUITests/Info.plist;
				LD_RUNPATH_SEARCH_PATHS = (
					"$(inherited)",
					"@executable_path/Frameworks",
					"@loader_path/Frameworks",
				);
				PRODUCT_BUNDLE_IDENTIFIER = com.asanti2539.FlixUITests;
				PRODUCT_NAME = "$(TARGET_NAME)";
				SWIFT_VERSION = 5.0;
				TARGETED_DEVICE_FAMILY = "1,2";
				TEST_TARGET_NAME = Flix;
			};
			name = Debug;
		};
		9840547C26DC827E00234B8E /* Release */ = {
			isa = XCBuildConfiguration;
			baseConfigurationReference = F84755DFF3F2F49139415FE8 /* Pods-Flix-FlixUITests.release.xcconfig */;
			buildSettings = {
				ALWAYS_EMBED_SWIFT_STANDARD_LIBRARIES = YES;
				CODE_SIGN_STYLE = Automatic;
				INFOPLIST_FILE = FlixUITests/Info.plist;
				LD_RUNPATH_SEARCH_PATHS = (
					"$(inherited)",
					"@executable_path/Frameworks",
					"@loader_path/Frameworks",
				);
				PRODUCT_BUNDLE_IDENTIFIER = com.asanti2539.FlixUITests;
				PRODUCT_NAME = "$(TARGET_NAME)";
				SWIFT_VERSION = 5.0;
				TARGETED_DEVICE_FAMILY = "1,2";
				TEST_TARGET_NAME = Flix;
			};
			name = Release;
		};
/* End XCBuildConfiguration section */

/* Begin XCConfigurationList section */
		9840544526DC827D00234B8E /* Build configuration list for PBXProject "Flix" */ = {
			isa = XCConfigurationList;
			buildConfigurations = (
				9840547226DC827E00234B8E /* Debug */,
				9840547326DC827E00234B8E /* Release */,
			);
			defaultConfigurationIsVisible = 0;
			defaultConfigurationName = Release;
		};
		9840547426DC827E00234B8E /* Build configuration list for PBXNativeTarget "Flix" */ = {
			isa = XCConfigurationList;
			buildConfigurations = (
				9840547526DC827E00234B8E /* Debug */,
				9840547626DC827E00234B8E /* Release */,
			);
			defaultConfigurationIsVisible = 0;
			defaultConfigurationName = Release;
		};
		9840547726DC827E00234B8E /* Build configuration list for PBXNativeTarget "FlixTests" */ = {
			isa = XCConfigurationList;
			buildConfigurations = (
				9840547826DC827E00234B8E /* Debug */,
				9840547926DC827E00234B8E /* Release */,
			);
			defaultConfigurationIsVisible = 0;
			defaultConfigurationName = Release;
		};
		9840547A26DC827E00234B8E /* Build configuration list for PBXNativeTarget "FlixUITests" */ = {
			isa = XCConfigurationList;
			buildConfigurations = (
				9840547B26DC827E00234B8E /* Debug */,
				9840547C26DC827E00234B8E /* Release */,
			);
			defaultConfigurationIsVisible = 0;
			defaultConfigurationName = Release;
		};
/* End XCConfigurationList section */

/* Begin XCRemoteSwiftPackageReference section */
		980ADCCA26DFDB8D00D04DC9 /* XCRemoteSwiftPackageReference "AlamofireImage" */ = {
			isa = XCRemoteSwiftPackageReference;
			repositoryURL = "https://github.com/Alamofire/AlamofireImage";
			requirement = {
				kind = upToNextMajorVersion;
				minimumVersion = 4.2.0;
			};
		};
/* End XCRemoteSwiftPackageReference section */

/* Begin XCSwiftPackageProductDependency section */
		980ADCCB26DFDB8D00D04DC9 /* AlamofireImage */ = {
			isa = XCSwiftPackageProductDependency;
			package = 980ADCCA26DFDB8D00D04DC9 /* XCRemoteSwiftPackageReference "AlamofireImage" */;
			productName = AlamofireImage;
		};
/* End XCSwiftPackageProductDependency section */
	};
	rootObject = 9840544226DC827D00234B8E /* Project object */;
}
